
Microsoft Visual Studio Solution File, Format Version 12.00
# Visual Studio Version 16
VisualStudioVersion = 16.0.31729.503
MinimumVisualStudioVersion = 10.0.40219.1
Project("{FAE04EC0-301F-11D3-BF4B-00C04F79EFBC}") = "JobPortal", "JobPortal\JobPortal.csproj", "{24BD06FB-4A19-438D-8381-1ECFF202DB8B}"
EndProject
Project("{FAE04EC0-301F-11D3-BF4B-00C04F79EFBC}") = "JobPortal.Tests", "JobPortal.Tests\JobPortal.Tests.csproj", "{A123D043-ED0E-423C-97DC-92DCCB26D0A7}"
EndProject
Global
	GlobalSection(SolutionConfigurationPlatforms) = preSolution
		Debug|Any CPU = Debug|Any CPU
		Release|Any CPU = Release|Any CPU
	EndGlobalSection
	GlobalSection(ProjectConfigurationPlatforms) = postSolution
		{24BD06FB-4A19-438D-8381-1ECFF202DB8B}.Debug|Any CPU.ActiveCfg = Debug|Any CPU
		{24BD06FB-4A19-438D-8381-1ECFF202DB8B}.Debug|Any CPU.Build.0 = Debug|Any CPU
		{24BD06FB-4A19-438D-8381-1ECFF202DB8B}.Release|Any CPU.ActiveCfg = Release|Any CPU
		{24BD06FB-4A19-438D-8381-1ECFF202DB8B}.Release|Any CPU.Build.0 = Release|Any CPU
		{A123D043-ED0E-423C-97DC-92DCCB26D0A7}.Debug|Any CPU.ActiveCfg = Debug|Any CPU
		{A123D043-ED0E-423C-97DC-92DCCB26D0A7}.Debug|Any CPU.Build.0 = Debug|Any CPU
		{A123D043-ED0E-423C-97DC-92DCCB26D0A7}.Release|Any CPU.ActiveCfg = Release|Any CPU
		{A123D043-ED0E-423C-97DC-92DCCB26D0A7}.Release|Any CPU.Build.0 = Release|Any CPU
	EndGlobalSection
	GlobalSection(SolutionProperties) = preSolution
		HideSolutionNode = FALSE
	EndGlobalSection
	GlobalSection(ExtensibilityGlobals) = postSolution
		SolutionGuid = {99EBF1CF-1495-4B4E-A7E4-D480AAC4A79E}
	EndGlobalSection
EndGlobal
